
Microsoft Visual Studio Solution File, Format Version 12.00
# Visual Studio Version 16
VisualStudioVersion = 16.0.810.14
MinimumVisualStudioVersion = 10.0.40219.1
Project("{FAE04EC0-301F-11D3-BF4B-00C04F79EFBC}") = "dd", "dd\dd.csproj", "{FBED74E2-5558-464E-9D2B-DF4C717C390D}"
EndProject
Global
	GlobalSection(SolutionConfigurationPlatforms) = preSolution
		Debug|Any CPU = Debug|Any CPU
		Release|Any CPU = Release|Any CPU
	EndGlobalSection
	GlobalSection(ProjectConfigurationPlatforms) = postSolution
		{FBED74E2-5558-464E-9D2B-DF4C717C390D}.Debug|Any CPU.ActiveCfg = Debug|Any CPU
		{FBED74E2-5558-464E-9D2B-DF4C717C390D}.Debug|Any CPU.Build.0 = Debug|Any CPU
		{FBED74E2-5558-464E-9D2B-DF4C717C390D}.Release|Any CPU.ActiveCfg = Release|Any CPU
		{FBED74E2-5558-464E-9D2B-DF4C717C390D}.Release|Any CPU.Build.0 = Release|Any CPU
	EndGlobalSection
	GlobalSection(SolutionProperties) = preSolution
		HideSolutionNode = FALSE
	EndGlobalSection
	GlobalSection(ExtensibilityGlobals) = postSolution
		SolutionGuid = {A791FB38-2C1B-43B3-9C69-08D5F3C5097B}
	EndGlobalSection
EndGlobal
